
Microsoft Visual Studio Solution File, Format Version 12.00
# Visual Studio 14
VisualStudioVersion = 14.0.25420.1
MinimumVisualStudioVersion = 10.0.40219.1
Project("{FAE04EC0-301F-11D3-BF4B-00C04F79EFBC}") = "BookStore.Domain", "BookStore.Domain\BookStore.Domain.csproj", "{66D63356-F63F-498B-8C54-E6933FF823EC}"
EndProject
Project("{FAE04EC0-301F-11D3-BF4B-00C04F79EFBC}") = "BookStore.UnitTests", "BookStore.UnitTests\BookStore.UnitTests.csproj", "{4DAFA74E-485F-451E-9EFB-D7FBD8AAA4A8}"
EndProject
Project("{FAE04EC0-301F-11D3-BF4B-00C04F79EFBC}") = "BookStore.WebUI", "BookStore.WebUI\BookStore.WebUI.csproj", "{CFAA8283-54A8-4043-895D-A8322B5CDA08}"
EndProject
Global
	GlobalSection(SolutionConfigurationPlatforms) = preSolution
		Debug|Any CPU = Debug|Any CPU
		Release|Any CPU = Release|Any CPU
	EndGlobalSection
	GlobalSection(ProjectConfigurationPlatforms) = postSolution
		{66D63356-F63F-498B-8C54-E6933FF823EC}.Debug|Any CPU.ActiveCfg = Debug|Any CPU
		{66D63356-F63F-498B-8C54-E6933FF823EC}.Debug|Any CPU.Build.0 = Debug|Any CPU
		{66D63356-F63F-498B-8C54-E6933FF823EC}.Release|Any CPU.ActiveCfg = Release|Any CPU
		{66D63356-F63F-498B-8C54-E6933FF823EC}.Release|Any CPU.Build.0 = Release|Any CPU
		{4DAFA74E-485F-451E-9EFB-D7FBD8AAA4A8}.Debug|Any CPU.ActiveCfg = Debug|Any CPU
		{4DAFA74E-485F-451E-9EFB-D7FBD8AAA4A8}.Debug|Any CPU.Build.0 = Debug|Any CPU
		{4DAFA74E-485F-451E-9EFB-D7FBD8AAA4A8}.Release|Any CPU.ActiveCfg = Release|Any CPU
		{4DAFA74E-485F-451E-9EFB-D7FBD8AAA4A8}.Release|Any CPU.Build.0 = Release|Any CPU
		{CFAA8283-54A8-4043-895D-A8322B5CDA08}.Debug|Any CPU.ActiveCfg = Debug|Any CPU
		{CFAA8283-54A8-4043-895D-A8322B5CDA08}.Debug|Any CPU.Build.0 = Debug|Any CPU
		{CFAA8283-54A8-4043-895D-A8322B5CDA08}.Release|Any CPU.ActiveCfg = Release|Any CPU
		{CFAA8283-54A8-4043-895D-A8322B5CDA08}.Release|Any CPU.Build.0 = Release|Any CPU
	EndGlobalSection
	GlobalSection(SolutionProperties) = preSolution
		HideSolutionNode = FALSE
	EndGlobalSection
EndGlobal
